# THIS IS AN AUTOGENERATED FILE. DO NOT EDIT THIS FILE DIRECTLY.
# yarn lockfile v1


"@types/prismjs@^1.16.0":
  version "1.16.0"
  resolved "https://registry.yarnpkg.com/@types/prismjs/-/prismjs-1.16.0.tgz#4328c9f65698e59f4feade8f4e5d928c748fd643"
  integrity sha512-mEyuziLrfDCQ4juQP1k706BUU/c8OGn/ZFl69AXXY6dStHClKX4P+N8+rhqpul1vRDA2VOygzMRSJJZHyDEOfw==

clipboard@^2.0.0:
  version "2.0.6"
  resolved "https://registry.yarnpkg.com/clipboard/-/clipboard-2.0.6.tgz#52921296eec0fdf77ead1749421b21c968647376"
  integrity sha512-g5zbiixBRk/wyKakSwCKd7vQXDjFnAMGHoEyBogG/bw9kTD9GvdAvaoRR1ALcEzt3pVKxZR0pViekPMIS0QyGg==
  dependencies:
    good-listener "^1.2.2"
    select "^1.1.2"
    tiny-emitter "^2.0.0"

codejar@^3.2.3:
  version "3.2.3"
  resolved "https://registry.yarnpkg.com/codejar/-/codejar-3.2.3.tgz#341e7a16798233b410cc82a8ef2f8acbf880e788"
  integrity sha512-zgWotUNz9c+nvYtGxmhwu4RxK1QWPRJvCjGk6LNm7pSwXEaEkY8Q6CQs8uZTNvoGyBVtKrt7C24OdXTyNZ17Xg==

delegate@^3.1.2:
  version "3.2.0"
  resolved "https://registry.yarnpkg.com/delegate/-/delegate-3.2.0.tgz#b66b71c3158522e8ab5744f720d8ca0c2af59166"
  integrity sha512-IofjkYBZaZivn0V8nnsMJGBr4jVLxHDheKSW88PyxS5QC4Vo9ZbZVvhzlSxY87fVq3STR6r+4cGepyHkcWOQSw==

good-listener@^1.2.2:
  version "1.2.2"
  resolved "https://registry.yarnpkg.com/good-listener/-/good-listener-1.2.2.tgz#d53b30cdf9313dffb7dc9a0d477096aa6d145c50"
  integrity sha1-1TswzfkxPf+33JoNR3CWqm0UXFA=
  dependencies:
    delegate "^3.1.2"

prismjs@^1.21.0:
  version "1.21.0"
  resolved "https://registry.yarnpkg.com/prismjs/-/prismjs-1.21.0.tgz#36c086ec36b45319ec4218ee164c110f9fc015a3"
  integrity sha512-uGdSIu1nk3kej2iZsLyDoJ7e9bnPzIgY0naW/HdknGj61zScaprVEVGHrPoXqI+M9sP0NDnTK2jpkvmldpuqDw==
  optionalDependencies:
    clipboard "^2.0.0"

"react-codejar@link:..":
  version "1.0.1"
  dependencies:
    codejar "^3.2.3"

"react-dom@link:../node_modules/react-dom":
  version "0.0.0"

"react-scripts@link:../node_modules/react-scripts":
  version "0.0.0"

"react@link:../node_modules/react":
  version "0.0.0"

select@^1.1.2:
  version "1.1.2"
  resolved "https://registry.yarnpkg.com/select/-/select-1.1.2.tgz#0e7350acdec80b1108528786ec1d4418d11b396d"
  integrity sha1-DnNQrN7ICxEIUoeG7B1EGNEbOW0=

tiny-emitter@^2.0.0:
  version "2.1.0"
  resolved "https://registry.yarnpkg.com/tiny-emitter/-/tiny-emitter-2.1.0.tgz#1d1a56edfc51c43e863cbb5382a72330e3555423"
  integrity sha512-NB6Dk1A9xgQPMoGqC5CVXn123gWyte215ONT5Pp5a0yt4nlEoO1ZWeCwpncaekPHXO60i47ihFnZPiRPjRMq4Q==
