# THIS IS AN AUTOGENERATED FILE. DO NOT EDIT THIS FILE DIRECTLY.
# yarn lockfile v1


"@types/prismjs@^1.16.0":
  version "1.16.0"
  resolved "https://registry.yarnpkg.com/@types/prismjs/-/prismjs-1.16.0.tgz#4328c9f65698e59f4feade8f4e5d928c748fd643"
  integrity sha512-mEyuziLrfDCQ4juQP1k706BUU/c8OGn/ZFl69AXXY6dStHClKX4P+N8+rhqpul1vRDA2VOygzMRSJJZHyDEOfw==

codejar@^3.2.3:
  version "3.2.3"
  resolved "https://registry.yarnpkg.com/codejar/-/codejar-3.2.3.tgz#341e7a16798233b410cc82a8ef2f8acbf880e788"
  integrity sha512-zgWotUNz9c+nvYtGxmhwu4RxK1QWPRJvCjGk6LNm7pSwXEaEkY8Q6CQs8uZTNvoGyBVtKrt7C24OdXTyNZ17Xg==

prismjs@^1.27.0:
  version "1.27.0"
  resolved "https://registry.yarnpkg.com/prismjs/-/prismjs-1.27.0.tgz#bb6ee3138a0b438a3653dd4d6ce0cc6510a45057"
  integrity sha512-t13BGPUlFDR7wRB5kQDG4jjl7XeuH6jbJGt11JHPL96qwsEHNX2+68tFXqc1/k+/jALsbSWJKUOT/hcYAZ5LkA==

"react-codejar@link:..":
  version "1.1.2"
  dependencies:
    codejar "^3.2.3"

"react-dom@link:../node_modules/react-dom":
  version "0.0.0"

"react-scripts@link:../node_modules/react-scripts":
  version "0.0.0"

"react@link:../node_modules/react":
  version "0.0.0"
